
Microsoft Visual Studio Solution File, Format Version 12.00
# Visual Studio Version 16
VisualStudioVersion = 16.0.30011.22
MinimumVisualStudioVersion = 10.0.40219.1
Project("{9A19103F-16F7-4668-BE54-9A1E7A4F7556}") = "Content-Browser", "Content-Browser.csproj", "{83426ADE-08E7-4965-BE2B-519B3EAD638C}"
EndProject
Global
	GlobalSection(SolutionConfigurationPlatforms) = preSolution
		Debug|Any CPU = Debug|Any CPU
		Release|Any CPU = Release|Any CPU
	EndGlobalSection
	GlobalSection(ProjectConfigurationPlatforms) = postSolution
		{83426ADE-08E7-4965-BE2B-519B3EAD638C}.Debug|Any CPU.ActiveCfg = Debug|Any CPU
		{83426ADE-08E7-4965-BE2B-519B3EAD638C}.Debug|Any CPU.Build.0 = Debug|Any CPU
		{83426ADE-08E7-4965-BE2B-519B3EAD638C}.Release|Any CPU.ActiveCfg = Release|Any CPU
		{83426ADE-08E7-4965-BE2B-519B3EAD638C}.Release|Any CPU.Build.0 = Release|Any CPU
	EndGlobalSection
	GlobalSection(SolutionProperties) = preSolution
		HideSolutionNode = FALSE
	EndGlobalSection
	GlobalSection(ExtensibilityGlobals) = postSolution
		SolutionGuid = {E7CF42CF-F32A-4368-A014-0534D4A5352D}
	EndGlobalSection
EndGlobal
